<Solution>
  <Folder Name="/CoreLibrary/">
    <Project Path="MeshCore.Library/MeshCore.Library.csproj" Id="ba286262-d0d4-4145-9ad2-c9fe89c5c489" />
    <Project Path="MeshRawData/MeshRawData.csproj" Id="9d151e5b-9138-48b7-be7c-9c88d7c122a0" />
    <Project Path="MeshLoader/MeshLoader.csproj" Id="301219e7-85ad-40ee-9336-a292c1d15266" />
  </Folder>
  <Project Path="Basic.Levels/Basic.Levels.csproj" Id="82946d5a-e706-43da-adee-68786ea1ff2e" />
  <Project Path="Basic.Models/Basic.Models.csproj" Id="4a0456e5-9545-4412-90cd-1f46d930596d" />
  <Project Path="Basic.World/Basic.World.csproj" />
  <Project Path="LoadingModelMeshes/LoadingModelMeshes.csproj" Id="9768a101-db23-4524-92f4-6914108d7008" />
  <Project Path="VectorViktor/VectorViktor.csproj" />
  <Project Path="World.Core.Tests/World.Core.Tests.csproj" />
  <Project Path="World.Buildings/World.Buildings.csproj" />
  <Project Path="World.Core/World.Core.csproj" />
</Solution>
